
Microsoft Visual Studio Solution File, Format Version 12.00
# Visual Studio 2015
Project("{FAE04EC0-301F-11D3-BF4B-00C04F79EFBC}") = "Little_Gallery_VR.Plugins", "Little_Gallery_VR.Plugins.csproj", "{B49429AC-D8A3-061F-DF81-35D8C50CC507}"
EndProject
Project("{FAE04EC0-301F-11D3-BF4B-00C04F79EFBC}") = "Little_Gallery_VR", "Little_Gallery_VR.csproj", "{7FF9F74E-89F5-208E-A298-2CE861F6FD5A}"
EndProject
Project("{FAE04EC0-301F-11D3-BF4B-00C04F79EFBC}") = "Little_Gallery_VR.Editor", "Little_Gallery_VR.Editor.csproj", "{FD5CF194-EC8A-5A1A-B26D-493B5D0DB350}"
EndProject
Global
	GlobalSection(SolutionConfigurationPlatforms) = preSolution
		Debug|Any CPU = Debug|Any CPU
		Release|Any CPU = Release|Any CPU
	EndGlobalSection
	GlobalSection(ProjectConfigurationPlatforms) = postSolution
		{B49429AC-D8A3-061F-DF81-35D8C50CC507}.Debug|Any CPU.ActiveCfg = Debug|Any CPU
		{B49429AC-D8A3-061F-DF81-35D8C50CC507}.Debug|Any CPU.Build.0 = Debug|Any CPU
		{B49429AC-D8A3-061F-DF81-35D8C50CC507}.Release|Any CPU.ActiveCfg = Release|Any CPU
		{B49429AC-D8A3-061F-DF81-35D8C50CC507}.Release|Any CPU.Build.0 = Release|Any CPU
		{7FF9F74E-89F5-208E-A298-2CE861F6FD5A}.Debug|Any CPU.ActiveCfg = Debug|Any CPU
		{7FF9F74E-89F5-208E-A298-2CE861F6FD5A}.Debug|Any CPU.Build.0 = Debug|Any CPU
		{7FF9F74E-89F5-208E-A298-2CE861F6FD5A}.Release|Any CPU.ActiveCfg = Release|Any CPU
		{7FF9F74E-89F5-208E-A298-2CE861F6FD5A}.Release|Any CPU.Build.0 = Release|Any CPU
		{FD5CF194-EC8A-5A1A-B26D-493B5D0DB350}.Debug|Any CPU.ActiveCfg = Debug|Any CPU
		{FD5CF194-EC8A-5A1A-B26D-493B5D0DB350}.Debug|Any CPU.Build.0 = Debug|Any CPU
		{FD5CF194-EC8A-5A1A-B26D-493B5D0DB350}.Release|Any CPU.ActiveCfg = Release|Any CPU
		{FD5CF194-EC8A-5A1A-B26D-493B5D0DB350}.Release|Any CPU.Build.0 = Release|Any CPU
	EndGlobalSection
	GlobalSection(SolutionProperties) = preSolution
		HideSolutionNode = FALSE
	EndGlobalSection
EndGlobal
